
Microsoft Visual Studio Solution File, Format Version 12.00
# Visual Studio 15
VisualStudioVersion = 15.0.27703.2042
MinimumVisualStudioVersion = 10.0.40219.1
Project("{FAE04EC0-301F-11D3-BF4B-00C04F79EFBC}") = "GmailUITestFramework", "GmailUITestFramework\GmailUITestFramework.csproj", "{1B1C9024-FF94-44C0-ABBA-7BA3E5DFD809}"
EndProject
Project("{FAE04EC0-301F-11D3-BF4B-00C04F79EFBC}") = "APITests", "APITests\APITests.csproj", "{E9455E72-C189-42EF-8143-E797FF88EF28}"
EndProject
Project("{FAE04EC0-301F-11D3-BF4B-00C04F79EFBC}") = "MobileTests", "MobileTests\MobileTests.csproj", "{B19C892E-2628-4CA7-AD27-08D406A3B14B}"
EndProject
Project("{FAE04EC0-301F-11D3-BF4B-00C04F79EFBC}") = "CoreFramework", "CoreFramework\CoreFramework.csproj", "{91AF5611-F7B6-40A2-BA97-8B0EF790E575}"
EndProject
Global
	GlobalSection(SolutionConfigurationPlatforms) = preSolution
		Debug|Any CPU = Debug|Any CPU
		Release|Any CPU = Release|Any CPU
	EndGlobalSection
	GlobalSection(ProjectConfigurationPlatforms) = postSolution
		{1B1C9024-FF94-44C0-ABBA-7BA3E5DFD809}.Debug|Any CPU.ActiveCfg = Debug|Any CPU
		{1B1C9024-FF94-44C0-ABBA-7BA3E5DFD809}.Debug|Any CPU.Build.0 = Debug|Any CPU
		{1B1C9024-FF94-44C0-ABBA-7BA3E5DFD809}.Release|Any CPU.ActiveCfg = Release|Any CPU
		{1B1C9024-FF94-44C0-ABBA-7BA3E5DFD809}.Release|Any CPU.Build.0 = Release|Any CPU
		{E9455E72-C189-42EF-8143-E797FF88EF28}.Debug|Any CPU.ActiveCfg = Debug|Any CPU
		{E9455E72-C189-42EF-8143-E797FF88EF28}.Debug|Any CPU.Build.0 = Debug|Any CPU
		{E9455E72-C189-42EF-8143-E797FF88EF28}.Release|Any CPU.ActiveCfg = Release|Any CPU
		{E9455E72-C189-42EF-8143-E797FF88EF28}.Release|Any CPU.Build.0 = Release|Any CPU
		{B19C892E-2628-4CA7-AD27-08D406A3B14B}.Debug|Any CPU.ActiveCfg = Debug|Any CPU
		{B19C892E-2628-4CA7-AD27-08D406A3B14B}.Debug|Any CPU.Build.0 = Debug|Any CPU
		{B19C892E-2628-4CA7-AD27-08D406A3B14B}.Release|Any CPU.ActiveCfg = Release|Any CPU
		{B19C892E-2628-4CA7-AD27-08D406A3B14B}.Release|Any CPU.Build.0 = Release|Any CPU
		{91AF5611-F7B6-40A2-BA97-8B0EF790E575}.Debug|Any CPU.ActiveCfg = Debug|Any CPU
		{91AF5611-F7B6-40A2-BA97-8B0EF790E575}.Debug|Any CPU.Build.0 = Debug|Any CPU
		{91AF5611-F7B6-40A2-BA97-8B0EF790E575}.Release|Any CPU.ActiveCfg = Release|Any CPU
		{91AF5611-F7B6-40A2-BA97-8B0EF790E575}.Release|Any CPU.Build.0 = Release|Any CPU
	EndGlobalSection
	GlobalSection(SolutionProperties) = preSolution
		HideSolutionNode = FALSE
	EndGlobalSection
	GlobalSection(ExtensibilityGlobals) = postSolution
		SolutionGuid = {292D285D-431C-47D9-B2E5-8BBE425BD9FE}
	EndGlobalSection
EndGlobal
